
Microsoft Visual Studio Solution File, Format Version 12.00
# Visual Studio Version 17
VisualStudioVersion = 17.0.31903.59
MinimumVisualStudioVersion = 10.0.40219.1
Project("{9A19103F-16F7-4668-BE54-9A1E7A4F7556}") = "Robod.Decoder.Cli", "Decoder.Cli\Robod.Decoder.Cli.csproj", "{76BA4DA3-80D2-4AF3-B78A-DA1973DCEEE5}"
EndProject
Global
	GlobalSection(SolutionConfigurationPlatforms) = preSolution
		Debug|Any CPU = Debug|Any CPU
		Release|Any CPU = Release|Any CPU
	EndGlobalSection
	GlobalSection(ProjectConfigurationPlatforms) = postSolution
		{76BA4DA3-80D2-4AF3-B78A-DA1973DCEEE5}.Debug|Any CPU.ActiveCfg = Debug|Any CPU
		{76BA4DA3-80D2-4AF3-B78A-DA1973DCEEE5}.Debug|Any CPU.Build.0 = Debug|Any CPU
		{76BA4DA3-80D2-4AF3-B78A-DA1973DCEEE5}.Release|Any CPU.ActiveCfg = Release|Any CPU
		{76BA4DA3-80D2-4AF3-B78A-DA1973DCEEE5}.Release|Any CPU.Build.0 = Release|Any CPU
	EndGlobalSection
	GlobalSection(SolutionProperties) = preSolution
		HideSolutionNode = FALSE
	EndGlobalSection
	GlobalSection(ExtensibilityGlobals) = postSolution
		SolutionGuid = {97FFCA8F-7AAD-4369-92CC-45509730308F}
	EndGlobalSection
EndGlobal
